
Microsoft Visual Studio Solution File, Format Version 12.00
# Visual Studio Version 17
VisualStudioVersion = 17.8.34330.188
MinimumVisualStudioVersion = 10.0.40219.1
Project("{8BC9CEB8-8B4A-11D0-8D11-00A0C91BC942}") = "XLSX_Searcher", "XLSX_Searcher.vcxproj", "{7CF8F9F5-814C-4E2F-A21D-0BCB3AC88391}"
EndProject
Global
	GlobalSection(SolutionConfigurationPlatforms) = preSolution
		Debug|x64 = Debug|x64
		Debug|x86 = Debug|x86
		Release|x64 = Release|x64
		Release|x86 = Release|x86
	EndGlobalSection
	GlobalSection(ProjectConfigurationPlatforms) = postSolution
		{7CF8F9F5-814C-4E2F-A21D-0BCB3AC88391}.Debug|x64.ActiveCfg = Debug|x64
		{7CF8F9F5-814C-4E2F-A21D-0BCB3AC88391}.Debug|x64.Build.0 = Debug|x64
		{7CF8F9F5-814C-4E2F-A21D-0BCB3AC88391}.Debug|x86.ActiveCfg = Debug|Win32
		{7CF8F9F5-814C-4E2F-A21D-0BCB3AC88391}.Debug|x86.Build.0 = Debug|Win32
		{7CF8F9F5-814C-4E2F-A21D-0BCB3AC88391}.Release|x64.ActiveCfg = Release|x64
		{7CF8F9F5-814C-4E2F-A21D-0BCB3AC88391}.Release|x64.Build.0 = Release|x64
		{7CF8F9F5-814C-4E2F-A21D-0BCB3AC88391}.Release|x86.ActiveCfg = Release|Win32
		{7CF8F9F5-814C-4E2F-A21D-0BCB3AC88391}.Release|x86.Build.0 = Release|Win32
	EndGlobalSection
	GlobalSection(SolutionProperties) = preSolution
		HideSolutionNode = FALSE
	EndGlobalSection
	GlobalSection(ExtensibilityGlobals) = postSolution
		SolutionGuid = {2513D50B-6846-480A-8A37-CF372D1938AA}
	EndGlobalSection
EndGlobal
